
Microsoft Visual Studio Solution File, Format Version 12.00
# Visual Studio Version 16
VisualStudioVersion = 16.0.30717.126
MinimumVisualStudioVersion = 10.0.40219.1
Project("{9A19103F-16F7-4668-BE54-9A1E7A4F7556}") = "PhoneBook", "PhoneBook.csproj", "{69512346-9AFD-46BF-A68B-4A77337F0FF3}"
EndProject
Project("{9A19103F-16F7-4668-BE54-9A1E7A4F7556}") = "PhoneBook.UnitTests", "..\PhoneBook.UnitTests\PhoneBook.UnitTests.csproj", "{C5C263C1-1B9E-4913-A04D-7D999405878C}"
EndProject
Project("{9A19103F-16F7-4668-BE54-9A1E7A4F7556}") = "PhoneBook.IntegrationTests", "..\PhoneBook.IntegrationTests\PhoneBook.IntegrationTests.csproj", "{510F8CF5-633F-40CE-B309-1770A17F7EEE}"
EndProject
Project("{FAE04EC0-301F-11D3-BF4B-00C04F79EFBC}") = "ApiGateaway", "..\ApiGateaway\ApiGateaway.csproj", "{80268892-2323-4AF4-A6FE-D0D520653ED3}"
EndProject
Global
	GlobalSection(SolutionConfigurationPlatforms) = preSolution
		Debug|Any CPU = Debug|Any CPU
		Release|Any CPU = Release|Any CPU
	EndGlobalSection
	GlobalSection(ProjectConfigurationPlatforms) = postSolution
		{69512346-9AFD-46BF-A68B-4A77337F0FF3}.Debug|Any CPU.ActiveCfg = Debug|Any CPU
		{69512346-9AFD-46BF-A68B-4A77337F0FF3}.Debug|Any CPU.Build.0 = Debug|Any CPU
		{69512346-9AFD-46BF-A68B-4A77337F0FF3}.Release|Any CPU.ActiveCfg = Release|Any CPU
		{69512346-9AFD-46BF-A68B-4A77337F0FF3}.Release|Any CPU.Build.0 = Release|Any CPU
		{C5C263C1-1B9E-4913-A04D-7D999405878C}.Debug|Any CPU.ActiveCfg = Debug|Any CPU
		{C5C263C1-1B9E-4913-A04D-7D999405878C}.Debug|Any CPU.Build.0 = Debug|Any CPU
		{C5C263C1-1B9E-4913-A04D-7D999405878C}.Release|Any CPU.ActiveCfg = Release|Any CPU
		{C5C263C1-1B9E-4913-A04D-7D999405878C}.Release|Any CPU.Build.0 = Release|Any CPU
		{510F8CF5-633F-40CE-B309-1770A17F7EEE}.Debug|Any CPU.ActiveCfg = Debug|Any CPU
		{510F8CF5-633F-40CE-B309-1770A17F7EEE}.Debug|Any CPU.Build.0 = Debug|Any CPU
		{510F8CF5-633F-40CE-B309-1770A17F7EEE}.Release|Any CPU.ActiveCfg = Release|Any CPU
		{510F8CF5-633F-40CE-B309-1770A17F7EEE}.Release|Any CPU.Build.0 = Release|Any CPU
		{80268892-2323-4AF4-A6FE-D0D520653ED3}.Debug|Any CPU.ActiveCfg = Debug|Any CPU
		{80268892-2323-4AF4-A6FE-D0D520653ED3}.Debug|Any CPU.Build.0 = Debug|Any CPU
		{80268892-2323-4AF4-A6FE-D0D520653ED3}.Release|Any CPU.ActiveCfg = Release|Any CPU
		{80268892-2323-4AF4-A6FE-D0D520653ED3}.Release|Any CPU.Build.0 = Release|Any CPU
	EndGlobalSection
	GlobalSection(SolutionProperties) = preSolution
		HideSolutionNode = FALSE
	EndGlobalSection
	GlobalSection(ExtensibilityGlobals) = postSolution
		SolutionGuid = {628165BE-A2E8-4AC7-BD25-A1071D517779}
	EndGlobalSection
EndGlobal
